
Microsoft Visual Studio Solution File, Format Version 11.00
# Visual C# Express 2010
Project("{FAE04EC0-301F-11D3-BF4B-00C04F79EFBC}") = "MapControl", "MapControl\MapControl.csproj", "{0187DFCA-0688-4E1D-AB38-57E25772153A}"
EndProject
Project("{FAE04EC0-301F-11D3-BF4B-00C04F79EFBC}") = "SampleApp", "SampleApp\SampleApp.csproj", "{382FEA75-BF2B-42A9-91C8-2EBC304702A4}"
EndProject
Global
	GlobalSection(SolutionConfigurationPlatforms) = preSolution
		Debug|Any CPU = Debug|Any CPU
		Release|Any CPU = Release|Any CPU
	EndGlobalSection
	GlobalSection(ProjectConfigurationPlatforms) = postSolution
		{0187DFCA-0688-4E1D-AB38-57E25772153A}.Debug|Any CPU.ActiveCfg = Debug|Any CPU
		{0187DFCA-0688-4E1D-AB38-57E25772153A}.Debug|Any CPU.Build.0 = Debug|Any CPU
		{0187DFCA-0688-4E1D-AB38-57E25772153A}.Release|Any CPU.ActiveCfg = Release|Any CPU
		{0187DFCA-0688-4E1D-AB38-57E25772153A}.Release|Any CPU.Build.0 = Release|Any CPU
		{382FEA75-BF2B-42A9-91C8-2EBC304702A4}.Debug|Any CPU.ActiveCfg = Debug|Any CPU
		{382FEA75-BF2B-42A9-91C8-2EBC304702A4}.Debug|Any CPU.Build.0 = Debug|Any CPU
		{382FEA75-BF2B-42A9-91C8-2EBC304702A4}.Release|Any CPU.ActiveCfg = Release|Any CPU
		{382FEA75-BF2B-42A9-91C8-2EBC304702A4}.Release|Any CPU.Build.0 = Release|Any CPU
	EndGlobalSection
	GlobalSection(SolutionProperties) = preSolution
		HideSolutionNode = FALSE
	EndGlobalSection
EndGlobal
